
Microsoft Visual Studio Solution File, Format Version 12.00
# Visual Studio Version 17
VisualStudioVersion = 17.6.33815.320
MinimumVisualStudioVersion = 10.0.40219.1
Project("{9A19103F-16F7-4668-BE54-9A1E7A4F7556}") = "DoctorApp", "DoctorApp.csproj", "{91E1BE34-2449-4371-8B16-18EF3A9EB47C}"
EndProject
Project("{FAE04EC0-301F-11D3-BF4B-00C04F79EFBC}") = "Utilidades", "..\Utilidades\Utilidades.csproj", "{D0292C4C-DE66-4B7B-AE11-F2E2B11426D2}"
EndProject
Project("{FAE04EC0-301F-11D3-BF4B-00C04F79EFBC}") = "Models", "..\Models\Models.csproj", "{BC9BBFA8-4E6B-4B28-916C-B0F88BF171D2}"
EndProject
Project("{FAE04EC0-301F-11D3-BF4B-00C04F79EFBC}") = "LogicaNegocio", "..\LogicaNegocio\LogicaNegocio.csproj", "{66D16796-C285-42CD-8610-A154F441A310}"
EndProject
Global
	GlobalSection(SolutionConfigurationPlatforms) = preSolution
		Debug|Any CPU = Debug|Any CPU
		Release|Any CPU = Release|Any CPU
	EndGlobalSection
	GlobalSection(ProjectConfigurationPlatforms) = postSolution
		{91E1BE34-2449-4371-8B16-18EF3A9EB47C}.Debug|Any CPU.ActiveCfg = Debug|Any CPU
		{91E1BE34-2449-4371-8B16-18EF3A9EB47C}.Debug|Any CPU.Build.0 = Debug|Any CPU
		{91E1BE34-2449-4371-8B16-18EF3A9EB47C}.Release|Any CPU.ActiveCfg = Release|Any CPU
		{91E1BE34-2449-4371-8B16-18EF3A9EB47C}.Release|Any CPU.Build.0 = Release|Any CPU
		{D0292C4C-DE66-4B7B-AE11-F2E2B11426D2}.Debug|Any CPU.ActiveCfg = Debug|Any CPU
		{D0292C4C-DE66-4B7B-AE11-F2E2B11426D2}.Debug|Any CPU.Build.0 = Debug|Any CPU
		{D0292C4C-DE66-4B7B-AE11-F2E2B11426D2}.Release|Any CPU.ActiveCfg = Release|Any CPU
		{D0292C4C-DE66-4B7B-AE11-F2E2B11426D2}.Release|Any CPU.Build.0 = Release|Any CPU
		{BC9BBFA8-4E6B-4B28-916C-B0F88BF171D2}.Debug|Any CPU.ActiveCfg = Debug|Any CPU
		{BC9BBFA8-4E6B-4B28-916C-B0F88BF171D2}.Debug|Any CPU.Build.0 = Debug|Any CPU
		{BC9BBFA8-4E6B-4B28-916C-B0F88BF171D2}.Release|Any CPU.ActiveCfg = Release|Any CPU
		{BC9BBFA8-4E6B-4B28-916C-B0F88BF171D2}.Release|Any CPU.Build.0 = Release|Any CPU
		{66D16796-C285-42CD-8610-A154F441A310}.Debug|Any CPU.ActiveCfg = Debug|Any CPU
		{66D16796-C285-42CD-8610-A154F441A310}.Debug|Any CPU.Build.0 = Debug|Any CPU
		{66D16796-C285-42CD-8610-A154F441A310}.Release|Any CPU.ActiveCfg = Release|Any CPU
		{66D16796-C285-42CD-8610-A154F441A310}.Release|Any CPU.Build.0 = Release|Any CPU
	EndGlobalSection
	GlobalSection(SolutionProperties) = preSolution
		HideSolutionNode = FALSE
	EndGlobalSection
	GlobalSection(ExtensibilityGlobals) = postSolution
		SolutionGuid = {756BF798-7389-4880-A1B5-4862326B0068}
	EndGlobalSection
EndGlobal
